
Microsoft Visual Studio Solution File, Format Version 12.00
# Visual Studio Version 17
VisualStudioVersion = 17.4.33103.184
MinimumVisualStudioVersion = 10.0.40219.1
Project("{FAE04EC0-301F-11D3-BF4B-00C04F79EFBC}") = "eBook-backend", "eBook-backend.csproj", "{19D0210F-248A-4015-BB88-93464FD25C5C}"
EndProject
Global
	GlobalSection(SolutionConfigurationPlatforms) = preSolution
		Debug|Any CPU = Debug|Any CPU
		Release|Any CPU = Release|Any CPU
	EndGlobalSection
	GlobalSection(ProjectConfigurationPlatforms) = postSolution
		{19D0210F-248A-4015-BB88-93464FD25C5C}.Debug|Any CPU.ActiveCfg = Debug|Any CPU
		{19D0210F-248A-4015-BB88-93464FD25C5C}.Debug|Any CPU.Build.0 = Debug|Any CPU
		{19D0210F-248A-4015-BB88-93464FD25C5C}.Release|Any CPU.ActiveCfg = Release|Any CPU
		{19D0210F-248A-4015-BB88-93464FD25C5C}.Release|Any CPU.Build.0 = Release|Any CPU
	EndGlobalSection
	GlobalSection(SolutionProperties) = preSolution
		HideSolutionNode = FALSE
	EndGlobalSection
	GlobalSection(ExtensibilityGlobals) = postSolution
		SolutionGuid = {B4373CB1-9E5E-4CDF-8D77-7BC06EE760DF}
	EndGlobalSection
EndGlobal
